
Microsoft Visual Studio Solution File, Format Version 12.00
# Visual Studio Version 16
VisualStudioVersion = 16.0.29230.47
MinimumVisualStudioVersion = 10.0.40219.1
Project("{9A19103F-16F7-4668-BE54-9A1E7A4F7556}") = "WebParser", "WebParser\WebParser.csproj", "{A76C2532-A433-44FE-A897-C8155721F08C}"
EndProject
Project("{FAE04EC0-301F-11D3-BF4B-00C04F79EFBC}") = "WebParser.Tests", "WebParser.Tests\WebParser.Tests.csproj", "{9F49B4C8-E1CE-41F5-ABE4-42BAB584393A}"
EndProject
Global
	GlobalSection(SolutionConfigurationPlatforms) = preSolution
		Debug|Any CPU = Debug|Any CPU
		Release|Any CPU = Release|Any CPU
	EndGlobalSection
	GlobalSection(ProjectConfigurationPlatforms) = postSolution
		{A76C2532-A433-44FE-A897-C8155721F08C}.Debug|Any CPU.ActiveCfg = Debug|Any CPU
		{A76C2532-A433-44FE-A897-C8155721F08C}.Debug|Any CPU.Build.0 = Debug|Any CPU
		{A76C2532-A433-44FE-A897-C8155721F08C}.Release|Any CPU.ActiveCfg = Release|Any CPU
		{A76C2532-A433-44FE-A897-C8155721F08C}.Release|Any CPU.Build.0 = Release|Any CPU
		{9F49B4C8-E1CE-41F5-ABE4-42BAB584393A}.Debug|Any CPU.ActiveCfg = Debug|Any CPU
		{9F49B4C8-E1CE-41F5-ABE4-42BAB584393A}.Debug|Any CPU.Build.0 = Debug|Any CPU
		{9F49B4C8-E1CE-41F5-ABE4-42BAB584393A}.Release|Any CPU.ActiveCfg = Release|Any CPU
		{9F49B4C8-E1CE-41F5-ABE4-42BAB584393A}.Release|Any CPU.Build.0 = Release|Any CPU
	EndGlobalSection
	GlobalSection(SolutionProperties) = preSolution
		HideSolutionNode = FALSE
	EndGlobalSection
	GlobalSection(ExtensibilityGlobals) = postSolution
		SolutionGuid = {A70677D0-B0BD-436C-980F-CC02A31B6BF0}
	EndGlobalSection
EndGlobal
